
Microsoft Visual Studio Solution File, Format Version 12.00
# Visual Studio Version 18
VisualStudioVersion = 18.1.11312.151 d18.0
MinimumVisualStudioVersion = 10.0.40219.1
Project("{FAE04EC0-301F-11D3-BF4B-00C04F79EFBC}") = "CustomWindowsAndDiaglogs", "CustomWindowsAndDiaglogs.csproj", "{B6FF6914-A8A7-AAC7-BC37-37D5D06DE1B7}"
EndProject
Global
	GlobalSection(SolutionConfigurationPlatforms) = preSolution
		Debug|Any CPU = Debug|Any CPU
		Release|Any CPU = Release|Any CPU
	EndGlobalSection
	GlobalSection(ProjectConfigurationPlatforms) = postSolution
		{B6FF6914-A8A7-AAC7-BC37-37D5D06DE1B7}.Debug|Any CPU.ActiveCfg = Debug|Any CPU
		{B6FF6914-A8A7-AAC7-BC37-37D5D06DE1B7}.Debug|Any CPU.Build.0 = Debug|Any CPU
		{B6FF6914-A8A7-AAC7-BC37-37D5D06DE1B7}.Release|Any CPU.ActiveCfg = Release|Any CPU
		{B6FF6914-A8A7-AAC7-BC37-37D5D06DE1B7}.Release|Any CPU.Build.0 = Release|Any CPU
	EndGlobalSection
	GlobalSection(SolutionProperties) = preSolution
		HideSolutionNode = FALSE
	EndGlobalSection
	GlobalSection(ExtensibilityGlobals) = postSolution
		SolutionGuid = {A4A874A7-4032-44B1-852D-F05FBF679FA9}
	EndGlobalSection
EndGlobal
