
Microsoft Visual Studio Solution File, Format Version 12.00
# Visual Studio Version 18
VisualStudioVersion = 18.1.11312.151 d18.0
MinimumVisualStudioVersion = 10.0.40219.1
Project("{FAE04EC0-301F-11D3-BF4B-00C04F79EFBC}") = "GridSplitterCtrlTut", "GridSplitterCtrlTut.csproj", "{D08F888B-59E2-D504-A432-97115936FC00}"
EndProject
Global
	GlobalSection(SolutionConfigurationPlatforms) = preSolution
		Debug|Any CPU = Debug|Any CPU
		Release|Any CPU = Release|Any CPU
	EndGlobalSection
	GlobalSection(ProjectConfigurationPlatforms) = postSolution
		{D08F888B-59E2-D504-A432-97115936FC00}.Debug|Any CPU.ActiveCfg = Debug|Any CPU
		{D08F888B-59E2-D504-A432-97115936FC00}.Debug|Any CPU.Build.0 = Debug|Any CPU
		{D08F888B-59E2-D504-A432-97115936FC00}.Release|Any CPU.ActiveCfg = Release|Any CPU
		{D08F888B-59E2-D504-A432-97115936FC00}.Release|Any CPU.Build.0 = Release|Any CPU
	EndGlobalSection
	GlobalSection(SolutionProperties) = preSolution
		HideSolutionNode = FALSE
	EndGlobalSection
	GlobalSection(ExtensibilityGlobals) = postSolution
		SolutionGuid = {DDF58E74-63A8-49DC-822D-872EBCE28306}
	EndGlobalSection
EndGlobal
